
Microsoft Visual Studio Solution File, Format Version 12.00
# Visual Studio Version 17
VisualStudioVersion = 17.14.36429.23
MinimumVisualStudioVersion = 10.0.40219.1
Project("{FAE04EC0-301F-11D3-BF4B-00C04F79EFBC}") = "ZakYip.Singulation.Host", "ZakYip.Singulation.Host\ZakYip.Singulation.Host.csproj", "{36893AF5-40D1-4263-A562-99EAFF006B15}"
EndProject
Project("{2150E333-8FDC-42A3-9474-1A3956D46DE8}") = "Host", "Host", "{02EA681E-C7D8-13C7-8484-4AC65E1B71E8}"
EndProject
Project("{2150E333-8FDC-42A3-9474-1A3956D46DE8}") = "Protocol", "Protocol", "{C91A22D3-DED2-40CB-9719-C43CEF226F18}"
EndProject
Project("{2150E333-8FDC-42A3-9474-1A3956D46DE8}") = "Transport", "Transport", "{49354E2A-FB7A-4210-B84F-AF3BD756BC29}"
EndProject
Project("{2150E333-8FDC-42A3-9474-1A3956D46DE8}") = "Drivers", "Drivers", "{AE9E28AA-B86D-4794-BC46-553BA2463101}"
EndProject
Project("{FAE04EC0-301F-11D3-BF4B-00C04F79EFBC}") = "ZakYip.Singulation.Drivers", "ZakYip.Singulation.Drivers\ZakYip.Singulation.Drivers.csproj", "{E8A0D323-327D-48A0-961E-78E58B94055D}"
EndProject
Project("{FAE04EC0-301F-11D3-BF4B-00C04F79EFBC}") = "ZakYip.Singulation.Protocol", "ZakYip.Singulation.Protocol\ZakYip.Singulation.Protocol.csproj", "{31EE0B1D-40AD-4B0A-B099-43E50A301531}"
EndProject
Project("{FAE04EC0-301F-11D3-BF4B-00C04F79EFBC}") = "ZakYip.Singulation.Transport", "ZakYip.Singulation.Transport\ZakYip.Singulation.Transport.csproj", "{4EA37FA6-5032-428A-BAF8-CD8C7FF0B2D5}"
EndProject
Project("{2150E333-8FDC-42A3-9474-1A3956D46DE8}") = "Core", "Core", "{9A12F129-9237-433E-B718-9286A804205D}"
EndProject
Project("{FAE04EC0-301F-11D3-BF4B-00C04F79EFBC}") = "ZakYip.Singulation.Core", "ZakYip.Singulation.Core\ZakYip.Singulation.Core.csproj", "{04AAADF8-9D6F-414C-873A-E0DAEF0B47C1}"
EndProject
Project("{2150E333-8FDC-42A3-9474-1A3956D46DE8}") = "Demo", "Demo", "{9985423F-4A36-4C9D-8297-33BEECA1EE72}"
EndProject
Project("{FAE04EC0-301F-11D3-BF4B-00C04F79EFBC}") = "ZakYip.Singulation.ConsoleDemo", "ZakYip.Singulation.ConsoleDemo\ZakYip.Singulation.ConsoleDemo.csproj", "{445D90E1-A619-4338-AADE-AD50FCF0BFF4}"
EndProject
Project("{2150E333-8FDC-42A3-9474-1A3956D46DE8}") = "Infrastructure", "Infrastructure", "{7B1C774D-41C5-435E-AE83-591056619A35}"
EndProject
Project("{FAE04EC0-301F-11D3-BF4B-00C04F79EFBC}") = "ZakYip.Singulation.Infrastructure", "ZakYip.Singulation.Infrastructure\ZakYip.Singulation.Infrastructure.csproj", "{EB2902B1-0A41-408B-9538-5E910EA52C8C}"
EndProject
Project("{FAE04EC0-301F-11D3-BF4B-00C04F79EFBC}") = "ZakYip.Singulation.Tests", "ZakYip.Singulation.Tests\ZakYip.Singulation.Tests.csproj", "{C37F4299-7BF6-4DA3-9185-E74FFE00B2CE}"
EndProject
Project("{FAE04EC0-301F-11D3-BF4B-00C04F79EFBC}") = "ZakYip.Singulation.MauiApp", "ZakYip.Singulation.MauiApp\ZakYip.Singulation.MauiApp.csproj", "{7E49623F-13B6-4370-94BC-7CCF753963A9}"
EndProject
Global
	GlobalSection(SolutionConfigurationPlatforms) = preSolution
		Debug|Any CPU = Debug|Any CPU
		Release|Any CPU = Release|Any CPU
	EndGlobalSection
	GlobalSection(ProjectConfigurationPlatforms) = postSolution
		{36893AF5-40D1-4263-A562-99EAFF006B15}.Debug|Any CPU.ActiveCfg = Debug|Any CPU
		{36893AF5-40D1-4263-A562-99EAFF006B15}.Debug|Any CPU.Build.0 = Debug|Any CPU
		{36893AF5-40D1-4263-A562-99EAFF006B15}.Release|Any CPU.ActiveCfg = Release|Any CPU
		{36893AF5-40D1-4263-A562-99EAFF006B15}.Release|Any CPU.Build.0 = Release|Any CPU
		{E8A0D323-327D-48A0-961E-78E58B94055D}.Debug|Any CPU.ActiveCfg = Debug|Any CPU
		{E8A0D323-327D-48A0-961E-78E58B94055D}.Debug|Any CPU.Build.0 = Debug|Any CPU
		{E8A0D323-327D-48A0-961E-78E58B94055D}.Release|Any CPU.ActiveCfg = Release|Any CPU
		{E8A0D323-327D-48A0-961E-78E58B94055D}.Release|Any CPU.Build.0 = Release|Any CPU
		{31EE0B1D-40AD-4B0A-B099-43E50A301531}.Debug|Any CPU.ActiveCfg = Debug|Any CPU
		{31EE0B1D-40AD-4B0A-B099-43E50A301531}.Debug|Any CPU.Build.0 = Debug|Any CPU
		{31EE0B1D-40AD-4B0A-B099-43E50A301531}.Release|Any CPU.ActiveCfg = Release|Any CPU
		{31EE0B1D-40AD-4B0A-B099-43E50A301531}.Release|Any CPU.Build.0 = Release|Any CPU
		{4EA37FA6-5032-428A-BAF8-CD8C7FF0B2D5}.Debug|Any CPU.ActiveCfg = Debug|Any CPU
		{4EA37FA6-5032-428A-BAF8-CD8C7FF0B2D5}.Debug|Any CPU.Build.0 = Debug|Any CPU
		{4EA37FA6-5032-428A-BAF8-CD8C7FF0B2D5}.Release|Any CPU.ActiveCfg = Release|Any CPU
		{4EA37FA6-5032-428A-BAF8-CD8C7FF0B2D5}.Release|Any CPU.Build.0 = Release|Any CPU
		{04AAADF8-9D6F-414C-873A-E0DAEF0B47C1}.Debug|Any CPU.ActiveCfg = Debug|Any CPU
		{04AAADF8-9D6F-414C-873A-E0DAEF0B47C1}.Debug|Any CPU.Build.0 = Debug|Any CPU
		{04AAADF8-9D6F-414C-873A-E0DAEF0B47C1}.Release|Any CPU.ActiveCfg = Release|Any CPU
		{04AAADF8-9D6F-414C-873A-E0DAEF0B47C1}.Release|Any CPU.Build.0 = Release|Any CPU
		{445D90E1-A619-4338-AADE-AD50FCF0BFF4}.Debug|Any CPU.ActiveCfg = Debug|Any CPU
		{445D90E1-A619-4338-AADE-AD50FCF0BFF4}.Debug|Any CPU.Build.0 = Debug|Any CPU
		{445D90E1-A619-4338-AADE-AD50FCF0BFF4}.Release|Any CPU.ActiveCfg = Release|Any CPU
		{445D90E1-A619-4338-AADE-AD50FCF0BFF4}.Release|Any CPU.Build.0 = Release|Any CPU
		{EB2902B1-0A41-408B-9538-5E910EA52C8C}.Debug|Any CPU.ActiveCfg = Debug|Any CPU
		{EB2902B1-0A41-408B-9538-5E910EA52C8C}.Debug|Any CPU.Build.0 = Debug|Any CPU
		{EB2902B1-0A41-408B-9538-5E910EA52C8C}.Release|Any CPU.ActiveCfg = Release|Any CPU
		{EB2902B1-0A41-408B-9538-5E910EA52C8C}.Release|Any CPU.Build.0 = Release|Any CPU
		{C37F4299-7BF6-4DA3-9185-E74FFE00B2CE}.Debug|Any CPU.ActiveCfg = Debug|Any CPU
		{C37F4299-7BF6-4DA3-9185-E74FFE00B2CE}.Debug|Any CPU.Build.0 = Debug|Any CPU
		{C37F4299-7BF6-4DA3-9185-E74FFE00B2CE}.Release|Any CPU.ActiveCfg = Release|Any CPU
		{C37F4299-7BF6-4DA3-9185-E74FFE00B2CE}.Release|Any CPU.Build.0 = Release|Any CPU
		{7E49623F-13B6-4370-94BC-7CCF753963A9}.Debug|Any CPU.ActiveCfg = Debug|Any CPU
		{7E49623F-13B6-4370-94BC-7CCF753963A9}.Debug|Any CPU.Build.0 = Debug|Any CPU
		{7E49623F-13B6-4370-94BC-7CCF753963A9}.Release|Any CPU.ActiveCfg = Release|Any CPU
		{7E49623F-13B6-4370-94BC-7CCF753963A9}.Release|Any CPU.Build.0 = Release|Any CPU
	EndGlobalSection
	GlobalSection(SolutionProperties) = preSolution
		HideSolutionNode = FALSE
	EndGlobalSection
	GlobalSection(NestedProjects) = preSolution
		{36893AF5-40D1-4263-A562-99EAFF006B15} = {02EA681E-C7D8-13C7-8484-4AC65E1B71E8}
		{E8A0D323-327D-48A0-961E-78E58B94055D} = {AE9E28AA-B86D-4794-BC46-553BA2463101}
		{31EE0B1D-40AD-4B0A-B099-43E50A301531} = {C91A22D3-DED2-40CB-9719-C43CEF226F18}
		{4EA37FA6-5032-428A-BAF8-CD8C7FF0B2D5} = {49354E2A-FB7A-4210-B84F-AF3BD756BC29}
		{04AAADF8-9D6F-414C-873A-E0DAEF0B47C1} = {9A12F129-9237-433E-B718-9286A804205D}
		{445D90E1-A619-4338-AADE-AD50FCF0BFF4} = {9985423F-4A36-4C9D-8297-33BEECA1EE72}
		{EB2902B1-0A41-408B-9538-5E910EA52C8C} = {7B1C774D-41C5-435E-AE83-591056619A35}
	EndGlobalSection
	GlobalSection(ExtensibilityGlobals) = postSolution
		SolutionGuid = {6DDFE0F1-0377-435D-981C-79DE92661182}
	EndGlobalSection
EndGlobal
